
Microsoft Visual Studio Solution File, Format Version 12.00
# Visual Studio Version 17
VisualStudioVersion = 17.4.33213.308
MinimumVisualStudioVersion = 10.0.40219.1
Project("{FAE04EC0-301F-11D3-BF4B-00C04F79EFBC}") = "Sige_Erp", "Sige_Erp.csproj", "{48DC28C3-B877-4779-B668-2BD03BB299CC}"
EndProject
Project("{FAE04EC0-301F-11D3-BF4B-00C04F79EFBC}") = "Sige_Erp.Test", "..\Sige_Erp.Test\Sige_Erp.Test.csproj", "{80D0C31D-751D-45A5-AAB0-3F09E440C749}"
EndProject
Global
	GlobalSection(SolutionConfigurationPlatforms) = preSolution
		Debug|Any CPU = Debug|Any CPU
		Release|Any CPU = Release|Any CPU
	EndGlobalSection
	GlobalSection(ProjectConfigurationPlatforms) = postSolution
		{48DC28C3-B877-4779-B668-2BD03BB299CC}.Debug|Any CPU.ActiveCfg = Debug|Any CPU
		{48DC28C3-B877-4779-B668-2BD03BB299CC}.Debug|Any CPU.Build.0 = Debug|Any CPU
		{48DC28C3-B877-4779-B668-2BD03BB299CC}.Release|Any CPU.ActiveCfg = Release|Any CPU
		{48DC28C3-B877-4779-B668-2BD03BB299CC}.Release|Any CPU.Build.0 = Release|Any CPU
		{80D0C31D-751D-45A5-AAB0-3F09E440C749}.Debug|Any CPU.ActiveCfg = Debug|Any CPU
		{80D0C31D-751D-45A5-AAB0-3F09E440C749}.Debug|Any CPU.Build.0 = Debug|Any CPU
		{80D0C31D-751D-45A5-AAB0-3F09E440C749}.Release|Any CPU.ActiveCfg = Release|Any CPU
		{80D0C31D-751D-45A5-AAB0-3F09E440C749}.Release|Any CPU.Build.0 = Release|Any CPU
	EndGlobalSection
	GlobalSection(SolutionProperties) = preSolution
		HideSolutionNode = FALSE
	EndGlobalSection
	GlobalSection(ExtensibilityGlobals) = postSolution
		SolutionGuid = {95F60B94-A744-4920-98EA-55B65D774BF8}
	EndGlobalSection
EndGlobal
